// !$*UTF8*$!
{
	archiveVersion = 1;
	classes = {
	};
	objectVersion = 48;
	objects = {

/* Begin PBXBuildFile section */
		D2221413206AC4FE0012310F /* OrangeBlock.png in Resources */ = {isa = PBXBuildFile; fileRef = D222140C206AC4FC0012310F /* OrangeBlock.png */; };
		D2221414206AC4FE0012310F /* BlueBlock.png in Resources */ = {isa = PBXBuildFile; fileRef = D222140D206AC4FC0012310F /* BlueBlock.png */; };
		D2221415206AC4FE0012310F /* GreenBlock.png in Resources */ = {isa = PBXBuildFile; fileRef = D222140E206AC4FD0012310F /* GreenBlock.png */; };
		D2221416206AC4FE0012310F /* YellowBlock.png in Resources */ = {isa = PBXBuildFile; fileRef = D222140F206AC4FD0012310F /* YellowBlock.png */; };
		D2221417206AC4FE0012310F /* IndigoBlock.png in Resources */ = {isa = PBXBuildFile; fileRef = D2221410206AC4FD0012310F /* IndigoBlock.png */; };
		D2221418206AC4FE0012310F /* RedBlock.png in Resources */ = {isa = PBXBuildFile; fileRef = D2221411206AC4FD0012310F /* RedBlock.png */; };
		D2221419206AC4FE0012310F /* PurpleBlock.png in Resources */ = {isa = PBXBuildFile; fileRef = D2221412206AC4FD0012310F /* PurpleBlock.png */; };
		F301C3452020F9260035D676 /* AppDelegate.swift in Sources */ = {isa = PBXBuildFile; fileRef = F301C3442020F9260035D676 /* AppDelegate.swift */; };
		F301C34B2020F9260035D676 /* GameScene.swift in Sources */ = {isa = PBXBuildFile; fileRef = F301C34A2020F9260035D676 /* GameScene.swift */; };
		F301C34D2020F9260035D676 /* GameViewController.swift in Sources */ = {isa = PBXBuildFile; fileRef = F301C34C2020F9260035D676 /* GameViewController.swift */; };
		F301C3502020F9260035D676 /* Main.storyboard in Resources */ = {isa = PBXBuildFile; fileRef = F301C34E2020F9260035D676 /* Main.storyboard */; };
		F301C3522020F9260035D676 /* Assets.xcassets in Resources */ = {isa = PBXBuildFile; fileRef = F301C3512020F9260035D676 /* Assets.xcassets */; };
		F301C3552020F9260035D676 /* LaunchScreen.storyboard in Resources */ = {isa = PBXBuildFile; fileRef = F301C3532020F9260035D676 /* LaunchScreen.storyboard */; };
		F301C35D202249420035D676 /* Sprites.atlas in Resources */ = {isa = PBXBuildFile; fileRef = F301C35C202249420035D676 /* Sprites.atlas */; };
		F301C35F2023A3B60035D676 /* Block.swift in Sources */ = {isa = PBXBuildFile; fileRef = F301C35E2023A3B60035D676 /* Block.swift */; };
		F301C3612028E48A0035D676 /* Array2D.swift in Sources */ = {isa = PBXBuildFile; fileRef = F301C3602028E48A0035D676 /* Array2D.swift */; };
		F301C3632028E68D0035D676 /* Level.swift in Sources */ = {isa = PBXBuildFile; fileRef = F301C3622028E68D0035D676 /* Level.swift */; };
		F301C36B202A3A9A0035D676 /* Tile.swift in Sources */ = {isa = PBXBuildFile; fileRef = F301C36A202A3A9A0035D676 /* Tile.swift */; };
		F301C36D202B82DC0035D676 /* Extensions.swift in Sources */ = {isa = PBXBuildFile; fileRef = F301C36C202B82DC0035D676 /* Extensions.swift */; };
		F301C393202FB1540035D676 /* Grid.atlas in Resources */ = {isa = PBXBuildFile; fileRef = F301C37F202FB1520035D676 /* Grid.atlas */; };
		F301C394202FB1540035D676 /* Background@3x.png in Resources */ = {isa = PBXBuildFile; fileRef = F301C381202FB1520035D676 /* Background@3x.png */; };
		F301C395202FB1540035D676 /* Button@3x.png in Resources */ = {isa = PBXBuildFile; fileRef = F301C382202FB1520035D676 /* Button@3x.png */; };
		F301C396202FB1540035D676 /* GameOver@3x.png in Resources */ = {isa = PBXBuildFile; fileRef = F301C383202FB1520035D676 /* GameOver@3x.png */; };
		F301C397202FB1540035D676 /* LevelComplete@3x.png in Resources */ = {isa = PBXBuildFile; fileRef = F301C384202FB1520035D676 /* LevelComplete@3x.png */; };
		F301C398202FB1540035D676 /* Level_0.json in Resources */ = {isa = PBXBuildFile; fileRef = F301C386202FB1520035D676 /* Level_0.json */; };
		F301C399202FB1540035D676 /* Level_1.json in Resources */ = {isa = PBXBuildFile; fileRef = F301C387202FB1520035D676 /* Level_1.json */; };
		F301C39A202FB1540035D676 /* Level_2.json in Resources */ = {isa = PBXBuildFile; fileRef = F301C388202FB1520035D676 /* Level_2.json */; };
		F301C39B202FB1540035D676 /* Level_3.json in Resources */ = {isa = PBXBuildFile; fileRef = F301C389202FB1520035D676 /* Level_3.json */; };
		F301C39C202FB1540035D676 /* Level_4.json in Resources */ = {isa = PBXBuildFile; fileRef = F301C38A202FB1520035D676 /* Level_4.json */; };
		F301C39D202FB1540035D676 /* Chomp.wav in Resources */ = {isa = PBXBuildFile; fileRef = F301C38C202FB1520035D676 /* Chomp.wav */; };
		F301C39E202FB1540035D676 /* Drip.wav in Resources */ = {isa = PBXBuildFile; fileRef = F301C38D202FB1520035D676 /* Drip.wav */; };
		F301C39F202FB1540035D676 /* Error.wav in Resources */ = {isa = PBXBuildFile; fileRef = F301C38E202FB1520035D676 /* Error.wav */; };
		F301C3A0202FB1540035D676 /* Ka-Ching.wav in Resources */ = {isa = PBXBuildFile; fileRef = F301C38F202FB1520035D676 /* Ka-Ching.wav */; };
		F301C3A1202FB1540035D676 /* Mining by Moonlight.mp3 in Resources */ = {isa = PBXBuildFile; fileRef = F301C390202FB1520035D676 /* Mining by Moonlight.mp3 */; };
		F301C3A2202FB1540035D676 /* Scrape.wav in Resources */ = {isa = PBXBuildFile; fileRef = F301C391202FB1520035D676 /* Scrape.wav */; };
		F301C3A3202FB1540035D676 /* Sprites.atlas in Resources */ = {isa = PBXBuildFile; fileRef = F301C392202FB1520035D676 /* Sprites.atlas */; };
		F37BD9162072AB1E00E7444B /* StartMenu.swift in Sources */ = {isa = PBXBuildFile; fileRef = F37BD9152072AB1E00E7444B /* StartMenu.swift */; };
		F37BD9182072AB5A00E7444B /* StartMenu.sks in Resources */ = {isa = PBXBuildFile; fileRef = F37BD9172072AB5A00E7444B /* StartMenu.sks */; };
		F37EB14F203CE9F700C9140E /* BackgroundBlue.png in Resources */ = {isa = PBXBuildFile; fileRef = F37EB14E203CE9F700C9140E /* BackgroundBlue.png */; };
		F37EB151203F4BAC00C9140E /* Player.swift in Sources */ = {isa = PBXBuildFile; fileRef = F37EB150203F4BAC00C9140E /* Player.swift */; };
		F37EB155204DCC8300C9140E /* GameScene.sks in Resources */ = {isa = PBXBuildFile; fileRef = F37EB154204DCC8300C9140E /* GameScene.sks */; };
		F37EB1592050729500C9140E /* Unarchive.swift in Sources */ = {isa = PBXBuildFile; fileRef = F37EB1582050729500C9140E /* Unarchive.swift */; };
		F3F8BD34207E8B92001BA084 /* pause.png in Resources */ = {isa = PBXBuildFile; fileRef = F3F8BD33207E8B92001BA084 /* pause.png */; };
		F3F8BD36207E8D2B001BA084 /* pauseImage.png in Resources */ = {isa = PBXBuildFile; fileRef = F3F8BD35207E8D2A001BA084 /* pauseImage.png */; };
		F3F8BD38207FD46A001BA084 /* pauseImageFinal.png in Resources */ = {isa = PBXBuildFile; fileRef = F3F8BD37207FD469001BA084 /* pauseImageFinal.png */; };
		F3F8BD3A20851C81001BA084 /* PauseMenu.sks in Resources */ = {isa = PBXBuildFile; fileRef = F3F8BD3920851C81001BA084 /* PauseMenu.sks */; };
		F3F8BD3C20851CBA001BA084 /* PauseMenu.swift in Sources */ = {isa = PBXBuildFile; fileRef = F3F8BD3B20851CBA001BA084 /* PauseMenu.swift */; };
		F3F8BD552085231F001BA084 /* BlueOrb.png in Resources */ = {isa = PBXBuildFile; fileRef = F3F8BD472085231F001BA084 /* BlueOrb.png */; };
		F3F8BD562085231F001BA084 /* GreenOrb.png in Resources */ = {isa = PBXBuildFile; fileRef = F3F8BD482085231F001BA084 /* GreenOrb.png */; };
		F3F8BD572085231F001BA084 /* IndigoOrb.png in Resources */ = {isa = PBXBuildFile; fileRef = F3F8BD492085231F001BA084 /* IndigoOrb.png */; };
		F3F8BD582085231F001BA084 /* OrangeOrb.png in Resources */ = {isa = PBXBuildFile; fileRef = F3F8BD4A2085231F001BA084 /* OrangeOrb.png */; };
		F3F8BD592085231F001BA084 /* PurpleOrb.png in Resources */ = {isa = PBXBuildFile; fileRef = F3F8BD4B2085231F001BA084 /* PurpleOrb.png */; };
		F3F8BD5A2085231F001BA084 /* RedOrb.png in Resources */ = {isa = PBXBuildFile; fileRef = F3F8BD4C2085231F001BA084 /* RedOrb.png */; };
		F3F8BD5B2085231F001BA084 /* YellowOrb.png in Resources */ = {isa = PBXBuildFile; fileRef = F3F8BD4D2085231F001BA084 /* YellowOrb.png */; };
/* End PBXBuildFile section */

/* Begin PBXFileReference section */
		D222140C206AC4FC0012310F /* OrangeBlock.png */ = {isa = PBXFileReference; lastKnownFileType = image.png; path = OrangeBlock.png; sourceTree = "<group>"; };
		D222140D206AC4FC0012310F /* BlueBlock.png */ = {isa = PBXFileReference; lastKnownFileType = image.png; path = BlueBlock.png; sourceTree = "<group>"; };
		D222140E206AC4FD0012310F /* GreenBlock.png */ = {isa = PBXFileReference; lastKnownFileType = image.png; path = GreenBlock.png; sourceTree = "<group>"; };
		D222140F206AC4FD0012310F /* YellowBlock.png */ = {isa = PBXFileReference; lastKnownFileType = image.png; path = YellowBlock.png; sourceTree = "<group>"; };
		D2221410206AC4FD0012310F /* IndigoBlock.png */ = {isa = PBXFileReference; lastKnownFileType = image.png; path = IndigoBlock.png; sourceTree = "<group>"; };
		D2221411206AC4FD0012310F /* RedBlock.png */ = {isa = PBXFileReference; lastKnownFileType = image.png; path = RedBlock.png; sourceTree = "<group>"; };
		D2221412206AC4FD0012310F /* PurpleBlock.png */ = {isa = PBXFileReference; lastKnownFileType = image.png; path = PurpleBlock.png; sourceTree = "<group>"; };
		F301C3442020F9260035D676 /* AppDelegate.swift */ = {isa = PBXFileReference; lastKnownFileType = sourcecode.swift; path = AppDelegate.swift; sourceTree = "<group>"; };
		F301C34A2020F9260035D676 /* GameScene.swift */ = {isa = PBXFileReference; lastKnownFileType = sourcecode.swift; path = GameScene.swift; sourceTree = "<group>"; };
		F301C34C2020F9260035D676 /* GameViewController.swift */ = {isa = PBXFileReference; lastKnownFileType = sourcecode.swift; path = GameViewController.swift; sourceTree = "<group>"; };
		F301C34F2020F9260035D676 /* Base */ = {isa = PBXFileReference; lastKnownFileType = file.storyboard; name = Base; path = Base.lproj/Main.storyboard; sourceTree = "<group>"; };
		F301C3512020F9260035D676 /* Assets.xcassets */ = {isa = PBXFileReference; lastKnownFileType = folder.assetcatalog; path = Assets.xcassets; sourceTree = "<group>"; };
		F301C3542020F9260035D676 /* Base */ = {isa = PBXFileReference; lastKnownFileType = file.storyboard; name = Base; path = Base.lproj/LaunchScreen.storyboard; sourceTree = "<group>"; };
		F301C3562020F9260035D676 /* Info.plist */ = {isa = PBXFileReference; lastKnownFileType = text.plist.xml; path = Info.plist; sourceTree = "<group>"; };
		F301C35C202249420035D676 /* Sprites.atlas */ = {isa = PBXFileReference; lastKnownFileType = folder.skatlas; path = Sprites.atlas; sourceTree = "<group>"; };
		F301C35E2023A3B60035D676 /* Block.swift */ = {isa = PBXFileReference; lastKnownFileType = sourcecode.swift; path = Block.swift; sourceTree = "<group>"; };
		F301C3602028E48A0035D676 /* Array2D.swift */ = {isa = PBXFileReference; lastKnownFileType = sourcecode.swift; path = Array2D.swift; sourceTree = "<group>"; };
		F301C3622028E68D0035D676 /* Level.swift */ = {isa = PBXFileReference; lastKnownFileType = sourcecode.swift; path = Level.swift; sourceTree = "<group>"; };
		F301C36A202A3A9A0035D676 /* Tile.swift */ = {isa = PBXFileReference; lastKnownFileType = sourcecode.swift; path = Tile.swift; sourceTree = "<group>"; };
		F301C36C202B82DC0035D676 /* Extensions.swift */ = {isa = PBXFileReference; lastKnownFileType = sourcecode.swift; path = Extensions.swift; sourceTree = "<group>"; };
		F301C37F202FB1520035D676 /* Grid.atlas */ = {isa = PBXFileReference; lastKnownFileType = folder.skatlas; path = Grid.atlas; sourceTree = "<group>"; };
		F301C381202FB1520035D676 /* Background@3x.png */ = {isa = PBXFileReference; lastKnownFileType = image.png; path = "Background@3x.png"; sourceTree = "<group>"; };
		F301C382202FB1520035D676 /* Button@3x.png */ = {isa = PBXFileReference; lastKnownFileType = image.png; path = "Button@3x.png"; sourceTree = "<group>"; };
		F301C383202FB1520035D676 /* GameOver@3x.png */ = {isa = PBXFileReference; lastKnownFileType = image.png; path = "GameOver@3x.png"; sourceTree = "<group>"; };
		F301C384202FB1520035D676 /* LevelComplete@3x.png */ = {isa = PBXFileReference; lastKnownFileType = image.png; path = "LevelComplete@3x.png"; sourceTree = "<group>"; };
		F301C386202FB1520035D676 /* Level_0.json */ = {isa = PBXFileReference; fileEncoding = 4; lastKnownFileType = text.json; path = Level_0.json; sourceTree = "<group>"; };
		F301C387202FB1520035D676 /* Level_1.json */ = {isa = PBXFileReference; fileEncoding = 4; lastKnownFileType = text.json; path = Level_1.json; sourceTree = "<group>"; };
		F301C388202FB1520035D676 /* Level_2.json */ = {isa = PBXFileReference; fileEncoding = 4; lastKnownFileType = text.json; path = Level_2.json; sourceTree = "<group>"; };
		F301C389202FB1520035D676 /* Level_3.json */ = {isa = PBXFileReference; fileEncoding = 4; lastKnownFileType = text.json; path = Level_3.json; sourceTree = "<group>"; };
		F301C38A202FB1520035D676 /* Level_4.json */ = {isa = PBXFileReference; fileEncoding = 4; lastKnownFileType = text.json; path = Level_4.json; sourceTree = "<group>"; };
		F301C38C202FB1520035D676 /* Chomp.wav */ = {isa = PBXFileReference; lastKnownFileType = audio.wav; path = Chomp.wav; sourceTree = "<group>"; };
		F301C38D202FB1520035D676 /* Drip.wav */ = {isa = PBXFileReference; lastKnownFileType = audio.wav; path = Drip.wav; sourceTree = "<group>"; };
		F301C38E202FB1520035D676 /* Error.wav */ = {isa = PBXFileReference; lastKnownFileType = audio.wav; path = Error.wav; sourceTree = "<group>"; };
		F301C38F202FB1520035D676 /* Ka-Ching.wav */ = {isa = PBXFileReference; lastKnownFileType = audio.wav; path = "Ka-Ching.wav"; sourceTree = "<group>"; };
		F301C390202FB1520035D676 /* Mining by Moonlight.mp3 */ = {isa = PBXFileReference; lastKnownFileType = audio.mp3; path = "Mining by Moonlight.mp3"; sourceTree = "<group>"; };
		F301C391202FB1520035D676 /* Scrape.wav */ = {isa = PBXFileReference; lastKnownFileType = audio.wav; path = Scrape.wav; sourceTree = "<group>"; };
		F301C392202FB1520035D676 /* Sprites.atlas */ = {isa = PBXFileReference; lastKnownFileType = folder.skatlas; path = Sprites.atlas; sourceTree = "<group>"; };
		F35A4FC52034BBF60063C5A0 /* Blocksome.app */ = {isa = PBXFileReference; explicitFileType = wrapper.application; includeInIndex = 0; path = Blocksome.app; sourceTree = BUILT_PRODUCTS_DIR; };
		F37BD9152072AB1E00E7444B /* StartMenu.swift */ = {isa = PBXFileReference; lastKnownFileType = sourcecode.swift; path = StartMenu.swift; sourceTree = "<group>"; };
		F37BD9172072AB5A00E7444B /* StartMenu.sks */ = {isa = PBXFileReference; lastKnownFileType = file.sks; path = StartMenu.sks; sourceTree = "<group>"; };
		F37EB14E203CE9F700C9140E /* BackgroundBlue.png */ = {isa = PBXFileReference; lastKnownFileType = image.png; path = BackgroundBlue.png; sourceTree = "<group>"; };
		F37EB150203F4BAC00C9140E /* Player.swift */ = {isa = PBXFileReference; lastKnownFileType = sourcecode.swift; path = Player.swift; sourceTree = "<group>"; };
		F37EB154204DCC8300C9140E /* GameScene.sks */ = {isa = PBXFileReference; lastKnownFileType = file.sks; name = GameScene.sks; path = ../GameScene.sks; sourceTree = "<group>"; };
		F37EB1582050729500C9140E /* Unarchive.swift */ = {isa = PBXFileReference; lastKnownFileType = sourcecode.swift; name = Unarchive.swift; path = ../Unarchive.swift; sourceTree = "<group>"; };
		F3F8BD33207E8B92001BA084 /* pause.png */ = {isa = PBXFileReference; lastKnownFileType = image.png; path = pause.png; sourceTree = "<group>"; };
		F3F8BD35207E8D2A001BA084 /* pauseImage.png */ = {isa = PBXFileReference; lastKnownFileType = image.png; path = pauseImage.png; sourceTree = "<group>"; };
		F3F8BD37207FD469001BA084 /* pauseImageFinal.png */ = {isa = PBXFileReference; lastKnownFileType = image.png; path = pauseImageFinal.png; sourceTree = "<group>"; };
		F3F8BD3920851C81001BA084 /* PauseMenu.sks */ = {isa = PBXFileReference; lastKnownFileType = file.sks; path = PauseMenu.sks; sourceTree = "<group>"; };
		F3F8BD3B20851CBA001BA084 /* PauseMenu.swift */ = {isa = PBXFileReference; lastKnownFileType = sourcecode.swift; path = PauseMenu.swift; sourceTree = "<group>"; };
		F3F8BD472085231F001BA084 /* BlueOrb.png */ = {isa = PBXFileReference; lastKnownFileType = image.png; path = BlueOrb.png; sourceTree = "<group>"; };
		F3F8BD482085231F001BA084 /* GreenOrb.png */ = {isa = PBXFileReference; lastKnownFileType = image.png; path = GreenOrb.png; sourceTree = "<group>"; };
		F3F8BD492085231F001BA084 /* IndigoOrb.png */ = {isa = PBXFileReference; lastKnownFileType = image.png; path = IndigoOrb.png; sourceTree = "<group>"; };
		F3F8BD4A2085231F001BA084 /* OrangeOrb.png */ = {isa = PBXFileReference; lastKnownFileType = image.png; path = OrangeOrb.png; sourceTree = "<group>"; };
		F3F8BD4B2085231F001BA084 /* PurpleOrb.png */ = {isa = PBXFileReference; lastKnownFileType = image.png; path = PurpleOrb.png; sourceTree = "<group>"; };
		F3F8BD4C2085231F001BA084 /* RedOrb.png */ = {isa = PBXFileReference; lastKnownFileType = image.png; path = RedOrb.png; sourceTree = "<group>"; };
		F3F8BD4D2085231F001BA084 /* YellowOrb.png */ = {isa = PBXFileReference; lastKnownFileType = image.png; path = YellowOrb.png; sourceTree = "<group>"; };
/* End PBXFileReference section */

/* Begin PBXFrameworksBuildPhase section */
		F301C33E2020F9260035D676 /* Frameworks */ = {
			isa = PBXFrameworksBuildPhase;
			buildActionMask = 2147483647;
			files = (
			);
			runOnlyForDeploymentPostprocessing = 0;
		};
/* End PBXFrameworksBuildPhase section */

/* Begin PBXGroup section */
		F301C3382020F9260035D676 = {
			isa = PBXGroup;
			children = (
				F301C3432020F9260035D676 /* Blocksome */,
				F35A4FC52034BBF60063C5A0 /* Blocksome.app */,
			);
			sourceTree = "<group>";
		};
		F301C3432020F9260035D676 /* Blocksome */ = {
			isa = PBXGroup;
			children = (
				F301C3442020F9260035D676 /* AppDelegate.swift */,
				F3F8BD3920851C81001BA084 /* PauseMenu.sks */,
				F3F8BD3B20851CBA001BA084 /* PauseMenu.swift */,
				F37BD9152072AB1E00E7444B /* StartMenu.swift */,
				F37BD9172072AB5A00E7444B /* StartMenu.sks */,
				F37EB154204DCC8300C9140E /* GameScene.sks */,
				F301C34A2020F9260035D676 /* GameScene.swift */,
				F37EB150203F4BAC00C9140E /* Player.swift */,
				F301C35E2023A3B60035D676 /* Block.swift */,
				F301C36A202A3A9A0035D676 /* Tile.swift */,
				F301C3622028E68D0035D676 /* Level.swift */,
				F301C36C202B82DC0035D676 /* Extensions.swift */,
				F301C3602028E48A0035D676 /* Array2D.swift */,
				F37EB1582050729500C9140E /* Unarchive.swift */,
				F301C34C2020F9260035D676 /* GameViewController.swift */,
				F301C34E2020F9260035D676 /* Main.storyboard */,
				F301C3512020F9260035D676 /* Assets.xcassets */,
				F301C3532020F9260035D676 /* LaunchScreen.storyboard */,
				F301C3562020F9260035D676 /* Info.plist */,
				F301C37E202FB1520035D676 /* Resources */,
				F301C35C202249420035D676 /* Sprites.atlas */,
			);
			path = Blocksome;
			sourceTree = "<group>";
		};
		F301C37E202FB1520035D676 /* Resources */ = {
			isa = PBXGroup;
			children = (
				F301C37F202FB1520035D676 /* Grid.atlas */,
				F301C380202FB1520035D676 /* Images */,
				F301C385202FB1520035D676 /* Levels */,
				F301C38B202FB1520035D676 /* Sounds */,
				F301C392202FB1520035D676 /* Sprites.atlas */,
			);
			path = Resources;
			sourceTree = "<group>";
		};
		F301C380202FB1520035D676 /* Images */ = {
			isa = PBXGroup;
			children = (
				F3F8BD462085231F001BA084 /* tastetherainbow */,
				D222140D206AC4FC0012310F /* BlueBlock.png */,
				D222140E206AC4FD0012310F /* GreenBlock.png */,
				D2221410206AC4FD0012310F /* IndigoBlock.png */,
				D222140C206AC4FC0012310F /* OrangeBlock.png */,
				D2221412206AC4FD0012310F /* PurpleBlock.png */,
				D2221411206AC4FD0012310F /* RedBlock.png */,
				D222140F206AC4FD0012310F /* YellowBlock.png */,
				F37EB14E203CE9F700C9140E /* BackgroundBlue.png */,
				F301C381202FB1520035D676 /* Background@3x.png */,
				F301C382202FB1520035D676 /* Button@3x.png */,
				F301C383202FB1520035D676 /* GameOver@3x.png */,
				F301C384202FB1520035D676 /* LevelComplete@3x.png */,
				F3F8BD35207E8D2A001BA084 /* pauseImage.png */,
				F3F8BD37207FD469001BA084 /* pauseImageFinal.png */,
				F3F8BD33207E8B92001BA084 /* pause.png */,
			);
			path = Images;
			sourceTree = "<group>";
		};
		F301C385202FB1520035D676 /* Levels */ = {
			isa = PBXGroup;
			children = (
				F301C386202FB1520035D676 /* Level_0.json */,
				F301C387202FB1520035D676 /* Level_1.json */,
				F301C388202FB1520035D676 /* Level_2.json */,
				F301C389202FB1520035D676 /* Level_3.json */,
				F301C38A202FB1520035D676 /* Level_4.json */,
			);
			path = Levels;
			sourceTree = "<group>";
		};
		F301C38B202FB1520035D676 /* Sounds */ = {
			isa = PBXGroup;
			children = (
				F301C38C202FB1520035D676 /* Chomp.wav */,
				F301C38D202FB1520035D676 /* Drip.wav */,
				F301C38E202FB1520035D676 /* Error.wav */,
				F301C38F202FB1520035D676 /* Ka-Ching.wav */,
				F301C390202FB1520035D676 /* Mining by Moonlight.mp3 */,
				F301C391202FB1520035D676 /* Scrape.wav */,
			);
			path = Sounds;
			sourceTree = "<group>";
		};
		F3F8BD462085231F001BA084 /* tastetherainbow */ = {
			isa = PBXGroup;
			children = (
				F3F8BD472085231F001BA084 /* BlueOrb.png */,
				F3F8BD482085231F001BA084 /* GreenOrb.png */,
				F3F8BD492085231F001BA084 /* IndigoOrb.png */,
				F3F8BD4A2085231F001BA084 /* OrangeOrb.png */,
				F3F8BD4B2085231F001BA084 /* PurpleOrb.png */,
				F3F8BD4C2085231F001BA084 /* RedOrb.png */,
				F3F8BD4D2085231F001BA084 /* YellowOrb.png */,
			);
			path = tastetherainbow;
			sourceTree = "<group>";
		};
/* End PBXGroup section */

/* Begin PBXNativeTarget section */
		F301C3402020F9260035D676 /* Blocksome */ = {
			isa = PBXNativeTarget;
			buildConfigurationList = F301C3592020F9260035D676 /* Build configuration list for PBXNativeTarget "Blocksome" */;
			buildPhases = (
				F301C33D2020F9260035D676 /* Sources */,
				F301C33E2020F9260035D676 /* Frameworks */,
				F301C33F2020F9260035D676 /* Resources */,
			);
			buildRules = (
			);
			dependencies = (
			);
			name = Blocksome;
			productName = Blocksome;
			productReference = F35A4FC52034BBF60063C5A0 /* Blocksome.app */;
			productType = "com.apple.product-type.application";
		};
/* End PBXNativeTarget section */

/* Begin PBXProject section */
		F301C3392020F9260035D676 /* Project object */ = {
			isa = PBXProject;
			attributes = {
				LastSwiftUpdateCheck = 0920;
				LastUpgradeCheck = 0920;
				ORGANIZATIONNAME = "Alex Wang";
				TargetAttributes = {
					F301C3402020F9260035D676 = {
						CreatedOnToolsVersion = 9.2;
						ProvisioningStyle = Automatic;
					};
				};
			};
			buildConfigurationList = F301C33C2020F9260035D676 /* Build configuration list for PBXProject "Blocksome" */;
			compatibilityVersion = "Xcode 8.0";
			developmentRegion = en;
			hasScannedForEncodings = 0;
			knownRegions = (
				en,
				Base,
			);
			mainGroup = F301C3382020F9260035D676;
			productRefGroup = F301C3382020F9260035D676;
			projectDirPath = "";
			projectRoot = "";
			targets = (
				F301C3402020F9260035D676 /* Blocksome */,
			);
		};
/* End PBXProject section */

/* Begin PBXResourcesBuildPhase section */
		F301C33F2020F9260035D676 /* Resources */ = {
			isa = PBXResourcesBuildPhase;
			buildActionMask = 2147483647;
			files = (
				F3F8BD36207E8D2B001BA084 /* pauseImage.png in Resources */,
				F301C3A2202FB1540035D676 /* Scrape.wav in Resources */,
				F37BD9182072AB5A00E7444B /* StartMenu.sks in Resources */,
				D2221419206AC4FE0012310F /* PurpleBlock.png in Resources */,
				F301C35D202249420035D676 /* Sprites.atlas in Resources */,
				F301C39A202FB1540035D676 /* Level_2.json in Resources */,
				D2221416206AC4FE0012310F /* YellowBlock.png in Resources */,
				F3F8BD552085231F001BA084 /* BlueOrb.png in Resources */,
				F37EB155204DCC8300C9140E /* GameScene.sks in Resources */,
				F301C39F202FB1540035D676 /* Error.wav in Resources */,
				F3F8BD5B2085231F001BA084 /* YellowOrb.png in Resources */,
				F301C398202FB1540035D676 /* Level_0.json in Resources */,
				F301C39E202FB1540035D676 /* Drip.wav in Resources */,
				F3F8BD582085231F001BA084 /* OrangeOrb.png in Resources */,
				F301C39C202FB1540035D676 /* Level_4.json in Resources */,
				F301C3A1202FB1540035D676 /* Mining by Moonlight.mp3 in Resources */,
				F301C39D202FB1540035D676 /* Chomp.wav in Resources */,
				D2221417206AC4FE0012310F /* IndigoBlock.png in Resources */,
				F3F8BD562085231F001BA084 /* GreenOrb.png in Resources */,
				D2221418206AC4FE0012310F /* RedBlock.png in Resources */,
				F301C3502020F9260035D676 /* Main.storyboard in Resources */,
				D2221415206AC4FE0012310F /* GreenBlock.png in Resources */,
				F301C3522020F9260035D676 /* Assets.xcassets in Resources */,
				F301C396202FB1540035D676 /* GameOver@3x.png in Resources */,
				F301C397202FB1540035D676 /* LevelComplete@3x.png in Resources */,
				F301C394202FB1540035D676 /* Background@3x.png in Resources */,
				F301C395202FB1540035D676 /* Button@3x.png in Resources */,
				F301C3A3202FB1540035D676 /* Sprites.atlas in Resources */,
				D2221414206AC4FE0012310F /* BlueBlock.png in Resources */,
				F3F8BD3A20851C81001BA084 /* PauseMenu.sks in Resources */,
				D2221413206AC4FE0012310F /* OrangeBlock.png in Resources */,
				F301C399202FB1540035D676 /* Level_1.json in Resources */,
				F3F8BD38207FD46A001BA084 /* pauseImageFinal.png in Resources */,
				F3F8BD5A2085231F001BA084 /* RedOrb.png in Resources */,
				F3F8BD34207E8B92001BA084 /* pause.png in Resources */,
				F37EB14F203CE9F700C9140E /* BackgroundBlue.png in Resources */,
				F301C3A0202FB1540035D676 /* Ka-Ching.wav in Resources */,
				F301C39B202FB1540035D676 /* Level_3.json in Resources */,
				F3F8BD592085231F001BA084 /* PurpleOrb.png in Resources */,
				F3F8BD572085231F001BA084 /* IndigoOrb.png in Resources */,
				F301C393202FB1540035D676 /* Grid.atlas in Resources */,
				F301C3552020F9260035D676 /* LaunchScreen.storyboard in Resources */,
			);
			runOnlyForDeploymentPostprocessing = 0;
		};
/* End PBXResourcesBuildPhase section */

/* Begin PBXSourcesBuildPhase section */
		F301C33D2020F9260035D676 /* Sources */ = {
			isa = PBXSourcesBuildPhase;
			buildActionMask = 2147483647;
			files = (
				F301C3632028E68D0035D676 /* Level.swift in Sources */,
				F301C34B2020F9260035D676 /* GameScene.swift in Sources */,
				F301C35F2023A3B60035D676 /* Block.swift in Sources */,
				F301C36D202B82DC0035D676 /* Extensions.swift in Sources */,
				F301C36B202A3A9A0035D676 /* Tile.swift in Sources */,
				F3F8BD3C20851CBA001BA084 /* PauseMenu.swift in Sources */,
				F301C34D2020F9260035D676 /* GameViewController.swift in Sources */,
				F37BD9162072AB1E00E7444B /* StartMenu.swift in Sources */,
				F301C3452020F9260035D676 /* AppDelegate.swift in Sources */,
				F37EB1592050729500C9140E /* Unarchive.swift in Sources */,
				F37EB151203F4BAC00C9140E /* Player.swift in Sources */,
				F301C3612028E48A0035D676 /* Array2D.swift in Sources */,
			);
			runOnlyForDeploymentPostprocessing = 0;
		};
/* End PBXSourcesBuildPhase section */

/* Begin PBXVariantGroup section */
		F301C34E2020F9260035D676 /* Main.storyboard */ = {
			isa = PBXVariantGroup;
			children = (
				F301C34F2020F9260035D676 /* Base */,
			);
			name = Main.storyboard;
			sourceTree = "<group>";
		};
		F301C3532020F9260035D676 /* LaunchScreen.storyboard */ = {
			isa = PBXVariantGroup;
			children = (
				F301C3542020F9260035D676 /* Base */,
			);
			name = LaunchScreen.storyboard;
			sourceTree = "<group>";
		};
/* End PBXVariantGroup section */

/* Begin XCBuildConfiguration section */
		F301C3572020F9260035D676 /* Debug */ = {
			isa = XCBuildConfiguration;
			buildSettings = {
				ALWAYS_SEARCH_USER_PATHS = NO;
				CLANG_ANALYZER_NONNULL = YES;
				CLANG_ANALYZER_NUMBER_OBJECT_CONVERSION = YES_AGGRESSIVE;
				CLANG_CXX_LANGUAGE_STANDARD = "gnu++14";
				CLANG_CXX_LIBRARY = "libc++";
				CLANG_ENABLE_MODULES = YES;
				CLANG_ENABLE_OBJC_ARC = YES;
				CLANG_WARN_BLOCK_CAPTURE_AUTORELEASING = YES;
				CLANG_WARN_BOOL_CONVERSION = YES;
				CLANG_WARN_COMMA = YES;
				CLANG_WARN_CONSTANT_CONVERSION = YES;
				CLANG_WARN_DIRECT_OBJC_ISA_USAGE = YES_ERROR;
				CLANG_WARN_DOCUMENTATION_COMMENTS = YES;
				CLANG_WARN_EMPTY_BODY = YES;
				CLANG_WARN_ENUM_CONVERSION = YES;
				CLANG_WARN_INFINITE_RECURSION = YES;
				CLANG_WARN_INT_CONVERSION = YES;
				CLANG_WARN_NON_LITERAL_NULL_CONVERSION = YES;
				CLANG_WARN_OBJC_LITERAL_CONVERSION = YES;
				CLANG_WARN_OBJC_ROOT_CLASS = YES_ERROR;
				CLANG_WARN_RANGE_LOOP_ANALYSIS = YES;
				CLANG_WARN_STRICT_PROTOTYPES = YES;
				CLANG_WARN_SUSPICIOUS_MOVE = YES;
				CLANG_WARN_UNGUARDED_AVAILABILITY = YES_AGGRESSIVE;
				CLANG_WARN_UNREACHABLE_CODE = YES;
				CLANG_WARN__DUPLICATE_METHOD_MATCH = YES;
				CODE_SIGN_IDENTITY = "iPhone Developer";
				COPY_PHASE_STRIP = NO;
				DEBUG_INFORMATION_FORMAT = dwarf;
				ENABLE_STRICT_OBJC_MSGSEND = YES;
				ENABLE_TESTABILITY = YES;
				GCC_C_LANGUAGE_STANDARD = gnu11;
				GCC_DYNAMIC_NO_PIC = NO;
				GCC_NO_COMMON_BLOCKS = YES;
				GCC_OPTIMIZATION_LEVEL = 0;
				GCC_PREPROCESSOR_DEFINITIONS = (
					"DEBUG=1",
					"$(inherited)",
				);
				GCC_WARN_64_TO_32_BIT_CONVERSION = YES;
				GCC_WARN_ABOUT_RETURN_TYPE = YES_ERROR;
				GCC_WARN_UNDECLARED_SELECTOR = YES;
				GCC_WARN_UNINITIALIZED_AUTOS = YES_AGGRESSIVE;
				GCC_WARN_UNUSED_FUNCTION = YES;
				GCC_WARN_UNUSED_VARIABLE = YES;
				IPHONEOS_DEPLOYMENT_TARGET = 11.2;
				MTL_ENABLE_DEBUG_INFO = YES;
				ONLY_ACTIVE_ARCH = YES;
				SDKROOT = iphoneos;
				SWIFT_ACTIVE_COMPILATION_CONDITIONS = DEBUG;
				SWIFT_OPTIMIZATION_LEVEL = "-Onone";
			};
			name = Debug;
		};
		F301C3582020F9260035D676 /* Release */ = {
			isa = XCBuildConfiguration;
			buildSettings = {
				ALWAYS_SEARCH_USER_PATHS = NO;
				CLANG_ANALYZER_NONNULL = YES;
				CLANG_ANALYZER_NUMBER_OBJECT_CONVERSION = YES_AGGRESSIVE;
				CLANG_CXX_LANGUAGE_STANDARD = "gnu++14";
				CLANG_CXX_LIBRARY = "libc++";
				CLANG_ENABLE_MODULES = YES;
				CLANG_ENABLE_OBJC_ARC = YES;
				CLANG_WARN_BLOCK_CAPTURE_AUTORELEASING = YES;
				CLANG_WARN_BOOL_CONVERSION = YES;
				CLANG_WARN_COMMA = YES;
				CLANG_WARN_CONSTANT_CONVERSION = YES;
				CLANG_WARN_DIRECT_OBJC_ISA_USAGE = YES_ERROR;
				CLANG_WARN_DOCUMENTATION_COMMENTS = YES;
				CLANG_WARN_EMPTY_BODY = YES;
				CLANG_WARN_ENUM_CONVERSION = YES;
				CLANG_WARN_INFINITE_RECURSION = YES;
				CLANG_WARN_INT_CONVERSION = YES;
				CLANG_WARN_NON_LITERAL_NULL_CONVERSION = YES;
				CLANG_WARN_OBJC_LITERAL_CONVERSION = YES;
				CLANG_WARN_OBJC_ROOT_CLASS = YES_ERROR;
				CLANG_WARN_RANGE_LOOP_ANALYSIS = YES;
				CLANG_WARN_STRICT_PROTOTYPES = YES;
				CLANG_WARN_SUSPICIOUS_MOVE = YES;
				CLANG_WARN_UNGUARDED_AVAILABILITY = YES_AGGRESSIVE;
				CLANG_WARN_UNREACHABLE_CODE = YES;
				CLANG_WARN__DUPLICATE_METHOD_MATCH = YES;
				CODE_SIGN_IDENTITY = "iPhone Developer";
				COPY_PHASE_STRIP = NO;
				DEBUG_INFORMATION_FORMAT = "dwarf-with-dsym";
				ENABLE_NS_ASSERTIONS = NO;
				ENABLE_STRICT_OBJC_MSGSEND = YES;
				GCC_C_LANGUAGE_STANDARD = gnu11;
				GCC_NO_COMMON_BLOCKS = YES;
				GCC_WARN_64_TO_32_BIT_CONVERSION = YES;
				GCC_WARN_ABOUT_RETURN_TYPE = YES_ERROR;
				GCC_WARN_UNDECLARED_SELECTOR = YES;
				GCC_WARN_UNINITIALIZED_AUTOS = YES_AGGRESSIVE;
				GCC_WARN_UNUSED_FUNCTION = YES;
				GCC_WARN_UNUSED_VARIABLE = YES;
				IPHONEOS_DEPLOYMENT_TARGET = 11.2;
				MTL_ENABLE_DEBUG_INFO = NO;
				SDKROOT = iphoneos;
				SWIFT_OPTIMIZATION_LEVEL = "-Owholemodule";
				VALIDATE_PRODUCT = YES;
			};
			name = Release;
		};
		F301C35A2020F9260035D676 /* Debug */ = {
			isa = XCBuildConfiguration;
			buildSettings = {
				ASSETCATALOG_COMPILER_APPICON_NAME = AppIcon;
				CODE_SIGN_STYLE = Automatic;
				DEVELOPMENT_TEAM = D7VE84Q9E9;
				INFOPLIST_FILE = Blocksome/Info.plist;
				LD_RUNPATH_SEARCH_PATHS = "$(inherited) @executable_path/Frameworks";
				PRODUCT_BUNDLE_IDENTIFIER = com.alexwang.Blocksome;
				PRODUCT_NAME = "$(TARGET_NAME)";
				SWIFT_VERSION = 4.0;
				TARGETED_DEVICE_FAMILY = "1,2";
			};
			name = Debug;
		};
		F301C35B2020F9260035D676 /* Release */ = {
			isa = XCBuildConfiguration;
			buildSettings = {
				ASSETCATALOG_COMPILER_APPICON_NAME = AppIcon;
				CODE_SIGN_STYLE = Automatic;
				DEVELOPMENT_TEAM = D7VE84Q9E9;
				INFOPLIST_FILE = Blocksome/Info.plist;
				LD_RUNPATH_SEARCH_PATHS = "$(inherited) @executable_path/Frameworks";
				PRODUCT_BUNDLE_IDENTIFIER = com.alexwang.Blocksome;
				PRODUCT_NAME = "$(TARGET_NAME)";
				SWIFT_VERSION = 4.0;
				TARGETED_DEVICE_FAMILY = "1,2";
			};
			name = Release;
		};
/* End XCBuildConfiguration section */

/* Begin XCConfigurationList section */
		F301C33C2020F9260035D676 /* Build configuration list for PBXProject "Blocksome" */ = {
			isa = XCConfigurationList;
			buildConfigurations = (
				F301C3572020F9260035D676 /* Debug */,
				F301C3582020F9260035D676 /* Release */,
			);
			defaultConfigurationIsVisible = 0;
			defaultConfigurationName = Release;
		};
		F301C3592020F9260035D676 /* Build configuration list for PBXNativeTarget "Blocksome" */ = {
			isa = XCConfigurationList;
			buildConfigurations = (
				F301C35A2020F9260035D676 /* Debug */,
				F301C35B2020F9260035D676 /* Release */,
			);
			defaultConfigurationIsVisible = 0;
			defaultConfigurationName = Release;
		};
/* End XCConfigurationList section */
	};
	rootObject = F301C3392020F9260035D676 /* Project object */;
}
